
Microsoft Visual Studio Solution File, Format Version 12.00
# Visual Studio Version 17
VisualStudioVersion = 17.14.36127.28 d17.14
MinimumVisualStudioVersion = 10.0.40219.1
Project("{FAE04EC0-301F-11D3-BF4B-00C04F79EFBC}") = "GuessNumberGame", "GuessNumberGame\GuessNumberGame.csproj", "{A3237CF7-71AC-4CA7-97E3-5338F3767A3D}"
EndProject
Global
	GlobalSection(SolutionConfigurationPlatforms) = preSolution
		Debug|Any CPU = Debug|Any CPU
		Release|Any CPU = Release|Any CPU
	EndGlobalSection
	GlobalSection(ProjectConfigurationPlatforms) = postSolution
		{A3237CF7-71AC-4CA7-97E3-5338F3767A3D}.Debug|Any CPU.ActiveCfg = Debug|Any CPU
		{A3237CF7-71AC-4CA7-97E3-5338F3767A3D}.Debug|Any CPU.Build.0 = Debug|Any CPU
		{A3237CF7-71AC-4CA7-97E3-5338F3767A3D}.Release|Any CPU.ActiveCfg = Release|Any CPU
		{A3237CF7-71AC-4CA7-97E3-5338F3767A3D}.Release|Any CPU.Build.0 = Release|Any CPU
	EndGlobalSection
	GlobalSection(SolutionProperties) = preSolution
		HideSolutionNode = FALSE
	EndGlobalSection
	GlobalSection(ExtensibilityGlobals) = postSolution
		SolutionGuid = {486CE580-0D0D-4336-9002-D0B839D19928}
	EndGlobalSection
EndGlobal
